// !$*UTF8*$!
{
	archiveVersion = 1;
	classes = {
	};
	objectVersion = 77;
	objects = {

/* Begin PBXContainerItemProxy section */
		AD6CB7CA2CD3E7D700FAC30C /* PBXContainerItemProxy */ = {
			isa = PBXContainerItemProxy;
			containerPortal = AD6CB7B02CD3E7D600FAC30C /* Project object */;
			proxyType = 1;
			remoteGlobalIDString = AD6CB7B72CD3E7D600FAC30C;
			remoteInfo = FloatingIsland;
		};
		AD6CB7D42CD3E7D700FAC30C /* PBXContainerItemProxy */ = {
			isa = PBXContainerItemProxy;
			containerPortal = AD6CB7B02CD3E7D600FAC30C /* Project object */;
			proxyType = 1;
			remoteGlobalIDString = AD6CB7B72CD3E7D600FAC30C;
			remoteInfo = FloatingIsland;
		};
/* End PBXContainerItemProxy section */

/* Begin PBXFileReference section */
		AD6CB7B82CD3E7D600FAC30C /* FloatingIsland.app */ = {isa = PBXFileReference; explicitFileType = wrapper.application; includeInIndex = 0; path = FloatingIsland.app; sourceTree = BUILT_PRODUCTS_DIR; };
		AD6CB7C92CD3E7D700FAC30C /* FloatingIslandTests.xctest */ = {isa = PBXFileReference; explicitFileType = wrapper.cfbundle; includeInIndex = 0; path = FloatingIslandTests.xctest; sourceTree = BUILT_PRODUCTS_DIR; };
		AD6CB7D32CD3E7D700FAC30C /* FloatingIslandUITests.xctest */ = {isa = PBXFileReference; explicitFileType = wrapper.cfbundle; includeInIndex = 0; path = FloatingIslandUITests.xctest; sourceTree = BUILT_PRODUCTS_DIR; };
/* End PBXFileReference section */

/* Begin PBXFileSystemSynchronizedRootGroup section */
		AD6CB7BA2CD3E7D600FAC30C /* FloatingIsland */ = {
			isa = PBXFileSystemSynchronizedRootGroup;
			path = FloatingIsland;
			sourceTree = "<group>";
		};
		AD6CB7CC2CD3E7D700FAC30C /* FloatingIslandTests */ = {
			isa = PBXFileSystemSynchronizedRootGroup;
			path = FloatingIslandTests;
			sourceTree = "<group>";
		};
		AD6CB7D62CD3E7D700FAC30C /* FloatingIslandUITests */ = {
			isa = PBXFileSystemSynchronizedRootGroup;
			path = FloatingIslandUITests;
			sourceTree = "<group>";
		};
/* End PBXFileSystemSynchronizedRootGroup section */

/* Begin PBXFrameworksBuildPhase section */
		AD6CB7B52CD3E7D600FAC30C /* Frameworks */ = {
			isa = PBXFrameworksBuildPhase;
			buildActionMask = 2147483647;
			files = (
			);
			runOnlyForDeploymentPostprocessing = 0;
		};
		AD6CB7C62CD3E7D700FAC30C /* Frameworks */ = {
			isa = PBXFrameworksBuildPhase;
			buildActionMask = 2147483647;
			files = (
			);
			runOnlyForDeploymentPostprocessing = 0;
		};
		AD6CB7D02CD3E7D700FAC30C /* Frameworks */ = {
			isa = PBXFrameworksBuildPhase;
			buildActionMask = 2147483647;
			files = (
			);
			runOnlyForDeploymentPostprocessing = 0;
		};
/* End PBXFrameworksBuildPhase section */

/* Begin PBXGroup section */
		AD6CB7AF2CD3E7D600FAC30C = {
			isa = PBXGroup;
			children = (
				AD6CB7BA2CD3E7D600FAC30C /* FloatingIsland */,
				AD6CB7CC2CD3E7D700FAC30C /* FloatingIslandTests */,
				AD6CB7D62CD3E7D700FAC30C /* FloatingIslandUITests */,
				AD6CB7B92CD3E7D600FAC30C /* Products */,
			);
			sourceTree = "<group>";
		};
		AD6CB7B92CD3E7D600FAC30C /* Products */ = {
			isa = PBXGroup;
			children = (
				AD6CB7B82CD3E7D600FAC30C /* FloatingIsland.app */,
				AD6CB7C92CD3E7D700FAC30C /* FloatingIslandTests.xctest */,
				AD6CB7D32CD3E7D700FAC30C /* FloatingIslandUITests.xctest */,
			);
			name = Products;
			sourceTree = "<group>";
		};
/* End PBXGroup section */

/* Begin PBXNativeTarget section */
		AD6CB7B72CD3E7D600FAC30C /* FloatingIsland */ = {
			isa = PBXNativeTarget;
			buildConfigurationList = AD6CB7DD2CD3E7D700FAC30C /* Build configuration list for PBXNativeTarget "FloatingIsland" */;
			buildPhases = (
				AD6CB7B42CD3E7D600FAC30C /* Sources */,
				AD6CB7B52CD3E7D600FAC30C /* Frameworks */,
				AD6CB7B62CD3E7D600FAC30C /* Resources */,
			);
			buildRules = (
			);
			dependencies = (
			);
			fileSystemSynchronizedGroups = (
				AD6CB7BA2CD3E7D600FAC30C /* FloatingIsland */,
			);
			name = FloatingIsland;
			packageProductDependencies = (
			);
			productName = FloatingIsland;
			productReference = AD6CB7B82CD3E7D600FAC30C /* FloatingIsland.app */;
			productType = "com.apple.product-type.application";
		};
		AD6CB7C82CD3E7D700FAC30C /* FloatingIslandTests */ = {
			isa = PBXNativeTarget;
			buildConfigurationList = AD6CB7E02CD3E7D700FAC30C /* Build configuration list for PBXNativeTarget "FloatingIslandTests" */;
			buildPhases = (
				AD6CB7C52CD3E7D700FAC30C /* Sources */,
				AD6CB7C62CD3E7D700FAC30C /* Frameworks */,
				AD6CB7C72CD3E7D700FAC30C /* Resources */,
			);
			buildRules = (
			);
			dependencies = (
				AD6CB7CB2CD3E7D700FAC30C /* PBXTargetDependency */,
			);
			fileSystemSynchronizedGroups = (
				AD6CB7CC2CD3E7D700FAC30C /* FloatingIslandTests */,
			);
			name = FloatingIslandTests;
			packageProductDependencies = (
			);
			productName = FloatingIslandTests;
			productReference = AD6CB7C92CD3E7D700FAC30C /* FloatingIslandTests.xctest */;
			productType = "com.apple.product-type.bundle.unit-test";
		};
		AD6CB7D22CD3E7D700FAC30C /* FloatingIslandUITests */ = {
			isa = PBXNativeTarget;
			buildConfigurationList = AD6CB7E32CD3E7D700FAC30C /* Build configuration list for PBXNativeTarget "FloatingIslandUITests" */;
			buildPhases = (
				AD6CB7CF2CD3E7D700FAC30C /* Sources */,
				AD6CB7D02CD3E7D700FAC30C /* Frameworks */,
				AD6CB7D12CD3E7D700FAC30C /* Resources */,
			);
			buildRules = (
			);
			dependencies = (
				AD6CB7D52CD3E7D700FAC30C /* PBXTargetDependency */,
			);
			fileSystemSynchronizedGroups = (
				AD6CB7D62CD3E7D700FAC30C /* FloatingIslandUITests */,
			);
			name = FloatingIslandUITests;
			packageProductDependencies = (
			);
			productName = FloatingIslandUITests;
			productReference = AD6CB7D32CD3E7D700FAC30C /* FloatingIslandUITests.xctest */;
			productType = "com.apple.product-type.bundle.ui-testing";
		};
/* End PBXNativeTarget section */

/* Begin PBXProject section */
		AD6CB7B02CD3E7D600FAC30C /* Project object */ = {
			isa = PBXProject;
			attributes = {
				BuildIndependentTargetsInParallel = 1;
				LastSwiftUpdateCheck = 1610;
				LastUpgradeCheck = 1610;
				TargetAttributes = {
					AD6CB7B72CD3E7D600FAC30C = {
						CreatedOnToolsVersion = 16.1;
					};
					AD6CB7C82CD3E7D700FAC30C = {
						CreatedOnToolsVersion = 16.1;
						TestTargetID = AD6CB7B72CD3E7D600FAC30C;
					};
					AD6CB7D22CD3E7D700FAC30C = {
						CreatedOnToolsVersion = 16.1;
						TestTargetID = AD6CB7B72CD3E7D600FAC30C;
					};
				};
			};
			buildConfigurationList = AD6CB7B32CD3E7D600FAC30C /* Build configuration list for PBXProject "FloatingIsland" */;
			developmentRegion = en;
			hasScannedForEncodings = 0;
			knownRegions = (
				en,
				Base,
			);
			mainGroup = AD6CB7AF2CD3E7D600FAC30C;
			minimizedProjectReferenceProxies = 1;
			preferredProjectObjectVersion = 77;
			productRefGroup = AD6CB7B92CD3E7D600FAC30C /* Products */;
			projectDirPath = "";
			projectRoot = "";
			targets = (
				AD6CB7B72CD3E7D600FAC30C /* FloatingIsland */,
				AD6CB7C82CD3E7D700FAC30C /* FloatingIslandTests */,
				AD6CB7D22CD3E7D700FAC30C /* FloatingIslandUITests */,
			);
		};
/* End PBXProject section */

/* Begin PBXResourcesBuildPhase section */
		AD6CB7B62CD3E7D600FAC30C /* Resources */ = {
			isa = PBXResourcesBuildPhase;
			buildActionMask = 2147483647;
			files = (
			);
			runOnlyForDeploymentPostprocessing = 0;
		};
		AD6CB7C72CD3E7D700FAC30C /* Resources */ = {
			isa = PBXResourcesBuildPhase;
			buildActionMask = 2147483647;
			files = (
			);
			runOnlyForDeploymentPostprocessing = 0;
		};
		AD6CB7D12CD3E7D700FAC30C /* Resources */ = {
			isa = PBXResourcesBuildPhase;
			buildActionMask = 2147483647;
			files = (
			);
			runOnlyForDeploymentPostprocessing = 0;
		};
/* End PBXResourcesBuildPhase section */

/* Begin PBXSourcesBuildPhase section */
		AD6CB7B42CD3E7D600FAC30C /* Sources */ = {
			isa = PBXSourcesBuildPhase;
			buildActionMask = 2147483647;
			files = (
			);
			runOnlyForDeploymentPostprocessing = 0;
		};
		AD6CB7C52CD3E7D700FAC30C /* Sources */ = {
			isa = PBXSourcesBuildPhase;
			buildActionMask = 2147483647;
			files = (
			);
			runOnlyForDeploymentPostprocessing = 0;
		};
		AD6CB7CF2CD3E7D700FAC30C /* Sources */ = {
			isa = PBXSourcesBuildPhase;
			buildActionMask = 2147483647;
			files = (
			);
			runOnlyForDeploymentPostprocessing = 0;
		};
/* End PBXSourcesBuildPhase section */

/* Begin PBXTargetDependency section */
		AD6CB7CB2CD3E7D700FAC30C /* PBXTargetDependency */ = {
			isa = PBXTargetDependency;
			target = AD6CB7B72CD3E7D600FAC30C /* FloatingIsland */;
			targetProxy = AD6CB7CA2CD3E7D700FAC30C /* PBXContainerItemProxy */;
		};
		AD6CB7D52CD3E7D700FAC30C /* PBXTargetDependency */ = {
			isa = PBXTargetDependency;
			target = AD6CB7B72CD3E7D600FAC30C /* FloatingIsland */;
			targetProxy = AD6CB7D42CD3E7D700FAC30C /* PBXContainerItemProxy */;
		};
/* End PBXTargetDependency section */

/* Begin XCBuildConfiguration section */
		AD6CB7DB2CD3E7D700FAC30C /* Debug */ = {
			isa = XCBuildConfiguration;
			buildSettings = {
				ALWAYS_SEARCH_USER_PATHS = NO;
				ASSETCATALOG_COMPILER_GENERATE_SWIFT_ASSET_SYMBOL_EXTENSIONS = YES;
				CLANG_ANALYZER_NONNULL = YES;
				CLANG_ANALYZER_NUMBER_OBJECT_CONVERSION = YES_AGGRESSIVE;
				CLANG_CXX_LANGUAGE_STANDARD = "gnu++20";
				CLANG_ENABLE_MODULES = YES;
				CLANG_ENABLE_OBJC_ARC = YES;
				CLANG_ENABLE_OBJC_WEAK = YES;
				CLANG_WARN_BLOCK_CAPTURE_AUTORELEASING = YES;
				CLANG_WARN_BOOL_CONVERSION = YES;
				CLANG_WARN_COMMA = YES;
				CLANG_WARN_CONSTANT_CONVERSION = YES;
				CLANG_WARN_DEPRECATED_OBJC_IMPLEMENTATIONS = YES;
				CLANG_WARN_DIRECT_OBJC_ISA_USAGE = YES_ERROR;
				CLANG_WARN_DOCUMENTATION_COMMENTS = YES;
				CLANG_WARN_EMPTY_BODY = YES;
				CLANG_WARN_ENUM_CONVERSION = YES;
				CLANG_WARN_INFINITE_RECURSION = YES;
				CLANG_WARN_INT_CONVERSION = YES;
				CLANG_WARN_NON_LITERAL_NULL_CONVERSION = YES;
				CLANG_WARN_OBJC_IMPLICIT_RETAIN_SELF = YES;
				CLANG_WARN_OBJC_LITERAL_CONVERSION = YES;
				CLANG_WARN_OBJC_ROOT_CLASS = YES_ERROR;
				CLANG_WARN_QUOTED_INCLUDE_IN_FRAMEWORK_HEADER = YES;
				CLANG_WARN_RANGE_LOOP_ANALYSIS = YES;
				CLANG_WARN_STRICT_PROTOTYPES = YES;
				CLANG_WARN_SUSPICIOUS_MOVE = YES;
				CLANG_WARN_UNGUARDED_AVAILABILITY = YES_AGGRESSIVE;
				CLANG_WARN_UNREACHABLE_CODE = YES;
				CLANG_WARN__DUPLICATE_METHOD_MATCH = YES;
				COPY_PHASE_STRIP = NO;
				DEBUG_INFORMATION_FORMAT = dwarf;
				ENABLE_STRICT_OBJC_MSGSEND = YES;
				ENABLE_TESTABILITY = YES;
				ENABLE_USER_SCRIPT_SANDBOXING = YES;
				GCC_C_LANGUAGE_STANDARD = gnu17;
				GCC_DYNAMIC_NO_PIC = NO;
				GCC_NO_COMMON_BLOCKS = YES;
				GCC_OPTIMIZATION_LEVEL = 0;
				GCC_PREPROCESSOR_DEFINITIONS = (
					"DEBUG=1",
					"$(inherited)",
				);
				GCC_WARN_64_TO_32_BIT_CONVERSION = YES;
				GCC_WARN_ABOUT_RETURN_TYPE = YES_ERROR;
				GCC_WARN_UNDECLARED_SELECTOR = YES;
				GCC_WARN_UNINITIALIZED_AUTOS = YES_AGGRESSIVE;
				GCC_WARN_UNUSED_FUNCTION = YES;
				GCC_WARN_UNUSED_VARIABLE = YES;
				LOCALIZATION_PREFERS_STRING_CATALOGS = YES;
				MACOSX_DEPLOYMENT_TARGET = 14.5;
				MTL_ENABLE_DEBUG_INFO = INCLUDE_SOURCE;
				MTL_FAST_MATH = YES;
				ONLY_ACTIVE_ARCH = YES;
				SDKROOT = macosx;
				SWIFT_ACTIVE_COMPILATION_CONDITIONS = "DEBUG $(inherited)";
				SWIFT_OPTIMIZATION_LEVEL = "-Onone";
			};
			name = Debug;
		};
		AD6CB7DC2CD3E7D700FAC30C /* Release */ = {
			isa = XCBuildConfiguration;
			buildSettings = {
				ALWAYS_SEARCH_USER_PATHS = NO;
				ASSETCATALOG_COMPILER_GENERATE_SWIFT_ASSET_SYMBOL_EXTENSIONS = YES;
				CLANG_ANALYZER_NONNULL = YES;
				CLANG_ANALYZER_NUMBER_OBJECT_CONVERSION = YES_AGGRESSIVE;
				CLANG_CXX_LANGUAGE_STANDARD = "gnu++20";
				CLANG_ENABLE_MODULES = YES;
				CLANG_ENABLE_OBJC_ARC = YES;
				CLANG_ENABLE_OBJC_WEAK = YES;
				CLANG_WARN_BLOCK_CAPTURE_AUTORELEASING = YES;
				CLANG_WARN_BOOL_CONVERSION = YES;
				CLANG_WARN_COMMA = YES;
				CLANG_WARN_CONSTANT_CONVERSION = YES;
				CLANG_WARN_DEPRECATED_OBJC_IMPLEMENTATIONS = YES;
				CLANG_WARN_DIRECT_OBJC_ISA_USAGE = YES_ERROR;
				CLANG_WARN_DOCUMENTATION_COMMENTS = YES;
				CLANG_WARN_EMPTY_BODY = YES;
				CLANG_WARN_ENUM_CONVERSION = YES;
				CLANG_WARN_INFINITE_RECURSION = YES;
				CLANG_WARN_INT_CONVERSION = YES;
				CLANG_WARN_NON_LITERAL_NULL_CONVERSION = YES;
				CLANG_WARN_OBJC_IMPLICIT_RETAIN_SELF = YES;
				CLANG_WARN_OBJC_LITERAL_CONVERSION = YES;
				CLANG_WARN_OBJC_ROOT_CLASS = YES_ERROR;
				CLANG_WARN_QUOTED_INCLUDE_IN_FRAMEWORK_HEADER = YES;
				CLANG_WARN_RANGE_LOOP_ANALYSIS = YES;
				CLANG_WARN_STRICT_PROTOTYPES = YES;
				CLANG_WARN_SUSPICIOUS_MOVE = YES;
				CLANG_WARN_UNGUARDED_AVAILABILITY = YES_AGGRESSIVE;
				CLANG_WARN_UNREACHABLE_CODE = YES;
				CLANG_WARN__DUPLICATE_METHOD_MATCH = YES;
				COPY_PHASE_STRIP = NO;
				DEBUG_INFORMATION_FORMAT = "dwarf-with-dsym";
				ENABLE_NS_ASSERTIONS = NO;
				ENABLE_STRICT_OBJC_MSGSEND = YES;
				ENABLE_USER_SCRIPT_SANDBOXING = YES;
				GCC_C_LANGUAGE_STANDARD = gnu17;
				GCC_NO_COMMON_BLOCKS = YES;
				GCC_WARN_64_TO_32_BIT_CONVERSION = YES;
				GCC_WARN_ABOUT_RETURN_TYPE = YES_ERROR;
				GCC_WARN_UNDECLARED_SELECTOR = YES;
				GCC_WARN_UNINITIALIZED_AUTOS = YES_AGGRESSIVE;
				GCC_WARN_UNUSED_FUNCTION = YES;
				GCC_WARN_UNUSED_VARIABLE = YES;
				LOCALIZATION_PREFERS_STRING_CATALOGS = YES;
				MACOSX_DEPLOYMENT_TARGET = 14.5;
				MTL_ENABLE_DEBUG_INFO = NO;
				MTL_FAST_MATH = YES;
				SDKROOT = macosx;
				SWIFT_COMPILATION_MODE = wholemodule;
			};
			name = Release;
		};
		AD6CB7DE2CD3E7D700FAC30C /* Debug */ = {
			isa = XCBuildConfiguration;
			buildSettings = {
				ASSETCATALOG_COMPILER_APPICON_NAME = AppIcon;
				ASSETCATALOG_COMPILER_GLOBAL_ACCENT_COLOR_NAME = AccentColor;
				CODE_SIGN_ENTITLEMENTS = FloatingIsland/FloatingIsland.entitlements;
				"CODE_SIGN_IDENTITY[sdk=macosx*]" = "Apple Development";
				CODE_SIGN_STYLE = Automatic;
				COMBINE_HIDPI_IMAGES = YES;
				CURRENT_PROJECT_VERSION = 1;
				DEVELOPMENT_ASSET_PATHS = "\"FloatingIsland/Preview Content\"";
				DEVELOPMENT_TEAM = CDNCDGY64Z;
				ENABLE_HARDENED_RUNTIME = YES;
				ENABLE_PREVIEWS = YES;
				GENERATE_INFOPLIST_FILE = YES;
				INFOPLIST_KEY_LSUIElement = NO;
				INFOPLIST_KEY_NSHumanReadableCopyright = "";
				LD_RUNPATH_SEARCH_PATHS = (
					"$(inherited)",
					"@executable_path/../Frameworks",
				);
				MARKETING_VERSION = 1.0;
				PRODUCT_BUNDLE_IDENTIFIER = com.vz.FloatingIsland;
				PRODUCT_NAME = "$(TARGET_NAME)";
				SWIFT_EMIT_LOC_STRINGS = YES;
				SWIFT_VERSION = 5.0;
			};
			name = Debug;
		};
		AD6CB7DF2CD3E7D700FAC30C /* Release */ = {
			isa = XCBuildConfiguration;
			buildSettings = {
				ASSETCATALOG_COMPILER_APPICON_NAME = AppIcon;
				ASSETCATALOG_COMPILER_GLOBAL_ACCENT_COLOR_NAME = AccentColor;
				CODE_SIGN_ENTITLEMENTS = FloatingIsland/FloatingIsland.entitlements;
				"CODE_SIGN_IDENTITY[sdk=macosx*]" = "Apple Development";
				CODE_SIGN_STYLE = Automatic;
				COMBINE_HIDPI_IMAGES = YES;
				CURRENT_PROJECT_VERSION = 1;
				DEVELOPMENT_ASSET_PATHS = "\"FloatingIsland/Preview Content\"";
				DEVELOPMENT_TEAM = CDNCDGY64Z;
				ENABLE_HARDENED_RUNTIME = YES;
				ENABLE_PREVIEWS = YES;
				GENERATE_INFOPLIST_FILE = YES;
				INFOPLIST_KEY_LSUIElement = NO;
				INFOPLIST_KEY_NSHumanReadableCopyright = "";
				LD_RUNPATH_SEARCH_PATHS = (
					"$(inherited)",
					"@executable_path/../Frameworks",
				);
				MARKETING_VERSION = 1.0;
				PRODUCT_BUNDLE_IDENTIFIER = com.vz.FloatingIsland;
				PRODUCT_NAME = "$(TARGET_NAME)";
				SWIFT_EMIT_LOC_STRINGS = YES;
				SWIFT_VERSION = 5.0;
			};
			name = Release;
		};
		AD6CB7E12CD3E7D700FAC30C /* Debug */ = {
			isa = XCBuildConfiguration;
			buildSettings = {
				BUNDLE_LOADER = "$(TEST_HOST)";
				CODE_SIGN_STYLE = Automatic;
				CURRENT_PROJECT_VERSION = 1;
				DEVELOPMENT_TEAM = CDNCDGY64Z;
				GENERATE_INFOPLIST_FILE = YES;
				MACOSX_DEPLOYMENT_TARGET = 14.5;
				MARKETING_VERSION = 1.0;
				PRODUCT_BUNDLE_IDENTIFIER = com.vz.FloatingIslandTests;
				PRODUCT_NAME = "$(TARGET_NAME)";
				SWIFT_EMIT_LOC_STRINGS = NO;
				SWIFT_VERSION = 5.0;
				TEST_HOST = "$(BUILT_PRODUCTS_DIR)/FloatingIsland.app/$(BUNDLE_EXECUTABLE_FOLDER_PATH)/FloatingIsland";
			};
			name = Debug;
		};
		AD6CB7E22CD3E7D700FAC30C /* Release */ = {
			isa = XCBuildConfiguration;
			buildSettings = {
				BUNDLE_LOADER = "$(TEST_HOST)";
				CODE_SIGN_STYLE = Automatic;
				CURRENT_PROJECT_VERSION = 1;
				DEVELOPMENT_TEAM = CDNCDGY64Z;
				GENERATE_INFOPLIST_FILE = YES;
				MACOSX_DEPLOYMENT_TARGET = 14.5;
				MARKETING_VERSION = 1.0;
				PRODUCT_BUNDLE_IDENTIFIER = com.vz.FloatingIslandTests;
				PRODUCT_NAME = "$(TARGET_NAME)";
				SWIFT_EMIT_LOC_STRINGS = NO;
				SWIFT_VERSION = 5.0;
				TEST_HOST = "$(BUILT_PRODUCTS_DIR)/FloatingIsland.app/$(BUNDLE_EXECUTABLE_FOLDER_PATH)/FloatingIsland";
			};
			name = Release;
		};
		AD6CB7E42CD3E7D700FAC30C /* Debug */ = {
			isa = XCBuildConfiguration;
			buildSettings = {
				CODE_SIGN_STYLE = Automatic;
				CURRENT_PROJECT_VERSION = 1;
				DEVELOPMENT_TEAM = CDNCDGY64Z;
				GENERATE_INFOPLIST_FILE = YES;
				MARKETING_VERSION = 1.0;
				PRODUCT_BUNDLE_IDENTIFIER = com.vz.FloatingIslandUITests;
				PRODUCT_NAME = "$(TARGET_NAME)";
				SWIFT_EMIT_LOC_STRINGS = NO;
				SWIFT_VERSION = 5.0;
				TEST_TARGET_NAME = FloatingIsland;
			};
			name = Debug;
		};
		AD6CB7E52CD3E7D700FAC30C /* Release */ = {
			isa = XCBuildConfiguration;
			buildSettings = {
				CODE_SIGN_STYLE = Automatic;
				CURRENT_PROJECT_VERSION = 1;
				DEVELOPMENT_TEAM = CDNCDGY64Z;
				GENERATE_INFOPLIST_FILE = YES;
				MARKETING_VERSION = 1.0;
				PRODUCT_BUNDLE_IDENTIFIER = com.vz.FloatingIslandUITests;
				PRODUCT_NAME = "$(TARGET_NAME)";
				SWIFT_EMIT_LOC_STRINGS = NO;
				SWIFT_VERSION = 5.0;
				TEST_TARGET_NAME = FloatingIsland;
			};
			name = Release;
		};
/* End XCBuildConfiguration section */

/* Begin XCConfigurationList section */
		AD6CB7B32CD3E7D600FAC30C /* Build configuration list for PBXProject "FloatingIsland" */ = {
			isa = XCConfigurationList;
			buildConfigurations = (
				AD6CB7DB2CD3E7D700FAC30C /* Debug */,
				AD6CB7DC2CD3E7D700FAC30C /* Release */,
			);
			defaultConfigurationIsVisible = 0;
			defaultConfigurationName = Release;
		};
		AD6CB7DD2CD3E7D700FAC30C /* Build configuration list for PBXNativeTarget "FloatingIsland" */ = {
			isa = XCConfigurationList;
			buildConfigurations = (
				AD6CB7DE2CD3E7D700FAC30C /* Debug */,
				AD6CB7DF2CD3E7D700FAC30C /* Release */,
			);
			defaultConfigurationIsVisible = 0;
			defaultConfigurationName = Release;
		};
		AD6CB7E02CD3E7D700FAC30C /* Build configuration list for PBXNativeTarget "FloatingIslandTests" */ = {
			isa = XCConfigurationList;
			buildConfigurations = (
				AD6CB7E12CD3E7D700FAC30C /* Debug */,
				AD6CB7E22CD3E7D700FAC30C /* Release */,
			);
			defaultConfigurationIsVisible = 0;
			defaultConfigurationName = Release;
		};
		AD6CB7E32CD3E7D700FAC30C /* Build configuration list for PBXNativeTarget "FloatingIslandUITests" */ = {
			isa = XCConfigurationList;
			buildConfigurations = (
				AD6CB7E42CD3E7D700FAC30C /* Debug */,
				AD6CB7E52CD3E7D700FAC30C /* Release */,
			);
			defaultConfigurationIsVisible = 0;
			defaultConfigurationName = Release;
		};
/* End XCConfigurationList section */
	};
	rootObject = AD6CB7B02CD3E7D600FAC30C /* Project object */;
}
